
Microsoft Visual Studio Solution File, Format Version 12.00
# Visual Studio Version 17
VisualStudioVersion = 17.6.33723.286
MinimumVisualStudioVersion = 10.0.40219.1
Project("{888888A0-9F3D-457C-B088-3A5042F75D52}") = "activity", "activity\activity.pyproj", "{192861D9-352C-48F0-A5E5-7AE0254A553C}"
EndProject
Global
	GlobalSection(SolutionConfigurationPlatforms) = preSolution
		Debug|Any CPU = Debug|Any CPU
		Release|Any CPU = Release|Any CPU
	EndGlobalSection
	GlobalSection(ProjectConfigurationPlatforms) = postSolution
		{192861D9-352C-48F0-A5E5-7AE0254A553C}.Debug|Any CPU.ActiveCfg = Debug|Any CPU
		{192861D9-352C-48F0-A5E5-7AE0254A553C}.Debug|Any CPU.Build.0 = Debug|Any CPU
		{192861D9-352C-48F0-A5E5-7AE0254A553C}.Release|Any CPU.ActiveCfg = Release|Any CPU
		{192861D9-352C-48F0-A5E5-7AE0254A553C}.Release|Any CPU.Build.0 = Release|Any CPU
	EndGlobalSection
	GlobalSection(SolutionProperties) = preSolution
		HideSolutionNode = FALSE
	EndGlobalSection
	GlobalSection(ExtensibilityGlobals) = postSolution
		SolutionGuid = {344080F6-060E-4E75-9A3E-F28FD85683B6}
	EndGlobalSection
EndGlobal
