
Microsoft Visual Studio Solution File, Format Version 12.00
# Visual Studio Version 17
VisualStudioVersion = 17.6.33723.286
MinimumVisualStudioVersion = 10.0.40219.1
Project("{888888A0-9F3D-457C-B088-3A5042F75D52}") = "ecg_moni", "ecg_moni\ecg_moni.pyproj", "{692A599E-D13E-4135-AB84-1688F9DF0959}"
EndProject
Global
	GlobalSection(SolutionConfigurationPlatforms) = preSolution
		Debug|Any CPU = Debug|Any CPU
		Release|Any CPU = Release|Any CPU
	EndGlobalSection
	GlobalSection(ProjectConfigurationPlatforms) = postSolution
		{692A599E-D13E-4135-AB84-1688F9DF0959}.Debug|Any CPU.ActiveCfg = Debug|Any CPU
		{692A599E-D13E-4135-AB84-1688F9DF0959}.Debug|Any CPU.Build.0 = Debug|Any CPU
		{692A599E-D13E-4135-AB84-1688F9DF0959}.Release|Any CPU.ActiveCfg = Release|Any CPU
		{692A599E-D13E-4135-AB84-1688F9DF0959}.Release|Any CPU.Build.0 = Release|Any CPU
	EndGlobalSection
	GlobalSection(SolutionProperties) = preSolution
		HideSolutionNode = FALSE
	EndGlobalSection
	GlobalSection(ExtensibilityGlobals) = postSolution
		SolutionGuid = {B4009599-081B-4D2B-A171-DA5E089EA296}
	EndGlobalSection
EndGlobal
